
Microsoft Visual Studio Solution File, Format Version 12.00
# Visual Studio Version 16
VisualStudioVersion = 16.0.31624.102
MinimumVisualStudioVersion = 10.0.40219.1
Project("{FAE04EC0-301F-11D3-BF4B-00C04F79EFBC}") = "exercicio1-estrutura-sequencial", "exercicio1-estrutura-sequencial\exercicio1-estrutura-sequencial.csproj", "{F213CB7E-E721-4B76-9ED2-215064763359}"
EndProject
Global
	GlobalSection(SolutionConfigurationPlatforms) = preSolution
		Debug|Any CPU = Debug|Any CPU
		Release|Any CPU = Release|Any CPU
	EndGlobalSection
	GlobalSection(ProjectConfigurationPlatforms) = postSolution
		{F213CB7E-E721-4B76-9ED2-215064763359}.Debug|Any CPU.ActiveCfg = Debug|Any CPU
		{F213CB7E-E721-4B76-9ED2-215064763359}.Debug|Any CPU.Build.0 = Debug|Any CPU
		{F213CB7E-E721-4B76-9ED2-215064763359}.Release|Any CPU.ActiveCfg = Release|Any CPU
		{F213CB7E-E721-4B76-9ED2-215064763359}.Release|Any CPU.Build.0 = Release|Any CPU
	EndGlobalSection
	GlobalSection(SolutionProperties) = preSolution
		HideSolutionNode = FALSE
	EndGlobalSection
	GlobalSection(ExtensibilityGlobals) = postSolution
		SolutionGuid = {BA81CB9A-DD26-47FF-911E-1CADE3137CCF}
	EndGlobalSection
EndGlobal
