
Microsoft Visual Studio Solution File, Format Version 12.00
# Visual Studio Version 16
VisualStudioVersion = 16.0.31624.102
MinimumVisualStudioVersion = 10.0.40219.1
Project("{FAE04EC0-301F-11D3-BF4B-00C04F79EFBC}") = "exercicio1-estrutura-while", "exercicio1-estrutura-while\exercicio1-estrutura-while.csproj", "{891BD2AF-2519-4969-BA49-DE2811885D8A}"
EndProject
Global
	GlobalSection(SolutionConfigurationPlatforms) = preSolution
		Debug|Any CPU = Debug|Any CPU
		Release|Any CPU = Release|Any CPU
	EndGlobalSection
	GlobalSection(ProjectConfigurationPlatforms) = postSolution
		{891BD2AF-2519-4969-BA49-DE2811885D8A}.Debug|Any CPU.ActiveCfg = Debug|Any CPU
		{891BD2AF-2519-4969-BA49-DE2811885D8A}.Debug|Any CPU.Build.0 = Debug|Any CPU
		{891BD2AF-2519-4969-BA49-DE2811885D8A}.Release|Any CPU.ActiveCfg = Release|Any CPU
		{891BD2AF-2519-4969-BA49-DE2811885D8A}.Release|Any CPU.Build.0 = Release|Any CPU
	EndGlobalSection
	GlobalSection(SolutionProperties) = preSolution
		HideSolutionNode = FALSE
	EndGlobalSection
	GlobalSection(ExtensibilityGlobals) = postSolution
		SolutionGuid = {4F332E63-4FB7-4BE9-996C-020529341E84}
	EndGlobalSection
EndGlobal
