
Microsoft Visual Studio Solution File, Format Version 12.00
# Visual Studio Version 16
VisualStudioVersion = 16.0.31624.102
MinimumVisualStudioVersion = 10.0.40219.1
Project("{FAE04EC0-301F-11D3-BF4B-00C04F79EFBC}") = "exercicio2-estrutura-condicional", "exercicio2-estrutura-condicional\exercicio2-estrutura-condicional.csproj", "{4CA5585F-8B67-44F5-AD36-60C0C5D2AED6}"
EndProject
Global
	GlobalSection(SolutionConfigurationPlatforms) = preSolution
		Debug|Any CPU = Debug|Any CPU
		Release|Any CPU = Release|Any CPU
	EndGlobalSection
	GlobalSection(ProjectConfigurationPlatforms) = postSolution
		{4CA5585F-8B67-44F5-AD36-60C0C5D2AED6}.Debug|Any CPU.ActiveCfg = Debug|Any CPU
		{4CA5585F-8B67-44F5-AD36-60C0C5D2AED6}.Debug|Any CPU.Build.0 = Debug|Any CPU
		{4CA5585F-8B67-44F5-AD36-60C0C5D2AED6}.Release|Any CPU.ActiveCfg = Release|Any CPU
		{4CA5585F-8B67-44F5-AD36-60C0C5D2AED6}.Release|Any CPU.Build.0 = Release|Any CPU
	EndGlobalSection
	GlobalSection(SolutionProperties) = preSolution
		HideSolutionNode = FALSE
	EndGlobalSection
	GlobalSection(ExtensibilityGlobals) = postSolution
		SolutionGuid = {2D6A5ADC-C961-4A30-A134-AF000AB14B6B}
	EndGlobalSection
EndGlobal
